
Microsoft Visual Studio Solution File, Format Version 12.00
# Visual Studio 2012
Project("{FAE04EC0-301F-11D3-BF4B-00C04F79EFBC}") = "NServiceBus.MongoDB", "NServiceBus.MongoDB\NServiceBus.MongoDB.csproj", "{2435C610-8C7A-4330-8275-6AB85E63C0A3}"
EndProject
Project("{FAE04EC0-301F-11D3-BF4B-00C04F79EFBC}") = "NServiceBus.MongoDB.Tests", "NServiceBus.MongoDB.Tests\NServiceBus.MongoDB.Tests.csproj", "{02524712-C2B5-482F-A475-0C1EAF78B6FC}"
EndProject
Project("{FAE04EC0-301F-11D3-BF4B-00C04F79EFBC}") = "Sample", "Sample\Sample.csproj", "{12BD6A30-BA71-4EC4-B931-4D4F8D1D81AD}"
EndProject
Project("{2150E333-8FDC-42A3-9474-1A3956D46DE8}") = ".nuget", ".nuget", "{DC6A982F-7F2A-4CC2-B7D2-1461F27ACE49}"
	ProjectSection(SolutionItems) = preProject
		.nuget\NuGet.Config = .nuget\NuGet.Config
		.nuget\NuGet.exe = .nuget\NuGet.exe
		.nuget\NuGet.targets = .nuget\NuGet.targets
	EndProjectSection
EndProject
Global
	GlobalSection(SolutionConfigurationPlatforms) = preSolution
		Debug|Any CPU = Debug|Any CPU
		DebugContracts|Any CPU = DebugContracts|Any CPU
		Release|Any CPU = Release|Any CPU
	EndGlobalSection
	GlobalSection(ProjectConfigurationPlatforms) = postSolution
		{2435C610-8C7A-4330-8275-6AB85E63C0A3}.Debug|Any CPU.ActiveCfg = Debug|Any CPU
		{2435C610-8C7A-4330-8275-6AB85E63C0A3}.Debug|Any CPU.Build.0 = Debug|Any CPU
		{2435C610-8C7A-4330-8275-6AB85E63C0A3}.DebugContracts|Any CPU.ActiveCfg = DebugContracts|Any CPU
		{2435C610-8C7A-4330-8275-6AB85E63C0A3}.DebugContracts|Any CPU.Build.0 = DebugContracts|Any CPU
		{2435C610-8C7A-4330-8275-6AB85E63C0A3}.Release|Any CPU.ActiveCfg = Release|Any CPU
		{2435C610-8C7A-4330-8275-6AB85E63C0A3}.Release|Any CPU.Build.0 = Release|Any CPU
		{02524712-C2B5-482F-A475-0C1EAF78B6FC}.Debug|Any CPU.ActiveCfg = Debug|Any CPU
		{02524712-C2B5-482F-A475-0C1EAF78B6FC}.Debug|Any CPU.Build.0 = Debug|Any CPU
		{02524712-C2B5-482F-A475-0C1EAF78B6FC}.DebugContracts|Any CPU.ActiveCfg = DebugContracts|Any CPU
		{02524712-C2B5-482F-A475-0C1EAF78B6FC}.DebugContracts|Any CPU.Build.0 = DebugContracts|Any CPU
		{02524712-C2B5-482F-A475-0C1EAF78B6FC}.Release|Any CPU.ActiveCfg = Release|Any CPU
		{02524712-C2B5-482F-A475-0C1EAF78B6FC}.Release|Any CPU.Build.0 = Release|Any CPU
		{12BD6A30-BA71-4EC4-B931-4D4F8D1D81AD}.Debug|Any CPU.ActiveCfg = Debug|Any CPU
		{12BD6A30-BA71-4EC4-B931-4D4F8D1D81AD}.Debug|Any CPU.Build.0 = Debug|Any CPU
		{12BD6A30-BA71-4EC4-B931-4D4F8D1D81AD}.DebugContracts|Any CPU.ActiveCfg = DebugContracts|Any CPU
		{12BD6A30-BA71-4EC4-B931-4D4F8D1D81AD}.DebugContracts|Any CPU.Build.0 = DebugContracts|Any CPU
		{12BD6A30-BA71-4EC4-B931-4D4F8D1D81AD}.Release|Any CPU.ActiveCfg = Release|Any CPU
		{12BD6A30-BA71-4EC4-B931-4D4F8D1D81AD}.Release|Any CPU.Build.0 = Release|Any CPU
	EndGlobalSection
	GlobalSection(SolutionProperties) = preSolution
		HideSolutionNode = FALSE
	EndGlobalSection
EndGlobal
